// !$*UTF8*$!
{
	archiveVersion = 1;
	classes = {
	};
	objectVersion = 52;
	objects = {

/* Begin PBXBuildFile section */
		4C502B58257752E60004F1D1 /* AppDelegate.swift in Sources */ = {isa = PBXBuildFile; fileRef = 4C502B57257752E60004F1D1 /* AppDelegate.swift */; };
		4C502B5A257752E60004F1D1 /* SceneDelegate.swift in Sources */ = {isa = PBXBuildFile; fileRef = 4C502B59257752E60004F1D1 /* SceneDelegate.swift */; };
		4C502B5F257752E60004F1D1 /* Main.storyboard in Resources */ = {isa = PBXBuildFile; fileRef = 4C502B5D257752E60004F1D1 /* Main.storyboard */; };
		4C502B61257752EB0004F1D1 /* Assets.xcassets in Resources */ = {isa = PBXBuildFile; fileRef = 4C502B60257752EB0004F1D1 /* Assets.xcassets */; };
		4C502B64257752EB0004F1D1 /* LaunchScreen.storyboard in Resources */ = {isa = PBXBuildFile; fileRef = 4C502B62257752EB0004F1D1 /* LaunchScreen.storyboard */; };
		4C502B70257755980004F1D1 /* DataResponse.swift in Sources */ = {isa = PBXBuildFile; fileRef = 4C502B6F257755980004F1D1 /* DataResponse.swift */; };
		4C502B74257755CB0004F1D1 /* TableViewController.swift in Sources */ = {isa = PBXBuildFile; fileRef = 4C502B73257755CB0004F1D1 /* TableViewController.swift */; };
		4C502B77257756590004F1D1 /* TableViewCell.swift in Sources */ = {isa = PBXBuildFile; fileRef = 4C502B76257756590004F1D1 /* TableViewCell.swift */; };
		4C502B7B257758310004F1D1 /* SDWebImage in Frameworks */ = {isa = PBXBuildFile; productRef = 4C502B7A257758310004F1D1 /* SDWebImage */; };
		4C502B87257956A80004F1D1 /* QuestionViewController.swift in Sources */ = {isa = PBXBuildFile; fileRef = 4C502B86257956A80004F1D1 /* QuestionViewController.swift */; };
		4C502B8D257999AF0004F1D1 /* ResultViewController.swift in Sources */ = {isa = PBXBuildFile; fileRef = 4C502B8C257999AF0004F1D1 /* ResultViewController.swift */; };
/* End PBXBuildFile section */

/* Begin PBXFileReference section */
		4C502B54257752E60004F1D1 /* WP Quizzes.app */ = {isa = PBXFileReference; explicitFileType = wrapper.application; includeInIndex = 0; path = "WP Quizzes.app"; sourceTree = BUILT_PRODUCTS_DIR; };
		4C502B57257752E60004F1D1 /* AppDelegate.swift */ = {isa = PBXFileReference; lastKnownFileType = sourcecode.swift; path = AppDelegate.swift; sourceTree = "<group>"; };
		4C502B59257752E60004F1D1 /* SceneDelegate.swift */ = {isa = PBXFileReference; lastKnownFileType = sourcecode.swift; path = SceneDelegate.swift; sourceTree = "<group>"; };
		4C502B5E257752E60004F1D1 /* Base */ = {isa = PBXFileReference; lastKnownFileType = file.storyboard; name = Base; path = Base.lproj/Main.storyboard; sourceTree = "<group>"; };
		4C502B60257752EB0004F1D1 /* Assets.xcassets */ = {isa = PBXFileReference; lastKnownFileType = folder.assetcatalog; path = Assets.xcassets; sourceTree = "<group>"; };
		4C502B63257752EB0004F1D1 /* Base */ = {isa = PBXFileReference; lastKnownFileType = file.storyboard; name = Base; path = Base.lproj/LaunchScreen.storyboard; sourceTree = "<group>"; };
		4C502B65257752EB0004F1D1 /* Info.plist */ = {isa = PBXFileReference; lastKnownFileType = text.plist.xml; path = Info.plist; sourceTree = "<group>"; };
		4C502B6F257755980004F1D1 /* DataResponse.swift */ = {isa = PBXFileReference; lastKnownFileType = sourcecode.swift; path = DataResponse.swift; sourceTree = "<group>"; };
		4C502B73257755CB0004F1D1 /* TableViewController.swift */ = {isa = PBXFileReference; lastKnownFileType = sourcecode.swift; path = TableViewController.swift; sourceTree = "<group>"; };
		4C502B76257756590004F1D1 /* TableViewCell.swift */ = {isa = PBXFileReference; lastKnownFileType = sourcecode.swift; path = TableViewCell.swift; sourceTree = "<group>"; };
		4C502B86257956A80004F1D1 /* QuestionViewController.swift */ = {isa = PBXFileReference; lastKnownFileType = sourcecode.swift; path = QuestionViewController.swift; sourceTree = "<group>"; };
		4C502B8C257999AF0004F1D1 /* ResultViewController.swift */ = {isa = PBXFileReference; lastKnownFileType = sourcecode.swift; path = ResultViewController.swift; sourceTree = "<group>"; };
/* End PBXFileReference section */

/* Begin PBXFrameworksBuildPhase section */
		4C502B51257752E60004F1D1 /* Frameworks */ = {
			isa = PBXFrameworksBuildPhase;
			buildActionMask = 2147483647;
			files = (
				4C502B7B257758310004F1D1 /* SDWebImage in Frameworks */,
			);
			runOnlyForDeploymentPostprocessing = 0;
		};
/* End PBXFrameworksBuildPhase section */

/* Begin PBXGroup section */
		4C502B4B257752E60004F1D1 = {
			isa = PBXGroup;
			children = (
				4C502B56257752E60004F1D1 /* WP Quizzes */,
				4C502B55257752E60004F1D1 /* Products */,
			);
			sourceTree = "<group>";
		};
		4C502B55257752E60004F1D1 /* Products */ = {
			isa = PBXGroup;
			children = (
				4C502B54257752E60004F1D1 /* WP Quizzes.app */,
			);
			name = Products;
			sourceTree = "<group>";
		};
		4C502B56257752E60004F1D1 /* WP Quizzes */ = {
			isa = PBXGroup;
			children = (
				4C502B57257752E60004F1D1 /* AppDelegate.swift */,
				4C502B59257752E60004F1D1 /* SceneDelegate.swift */,
				4C502B6F257755980004F1D1 /* DataResponse.swift */,
				4C502B73257755CB0004F1D1 /* TableViewController.swift */,
				4C502B76257756590004F1D1 /* TableViewCell.swift */,
				4C502B86257956A80004F1D1 /* QuestionViewController.swift */,
				4C502B8C257999AF0004F1D1 /* ResultViewController.swift */,
				4C502B5D257752E60004F1D1 /* Main.storyboard */,
				4C502B60257752EB0004F1D1 /* Assets.xcassets */,
				4C502B62257752EB0004F1D1 /* LaunchScreen.storyboard */,
				4C502B65257752EB0004F1D1 /* Info.plist */,
			);
			path = "WP Quizzes";
			sourceTree = "<group>";
		};
/* End PBXGroup section */

/* Begin PBXNativeTarget section */
		4C502B53257752E60004F1D1 /* WP Quizzes */ = {
			isa = PBXNativeTarget;
			buildConfigurationList = 4C502B68257752EB0004F1D1 /* Build configuration list for PBXNativeTarget "WP Quizzes" */;
			buildPhases = (
				4C502B50257752E60004F1D1 /* Sources */,
				4C502B51257752E60004F1D1 /* Frameworks */,
				4C502B52257752E60004F1D1 /* Resources */,
			);
			buildRules = (
			);
			dependencies = (
			);
			name = "WP Quizzes";
			packageProductDependencies = (
				4C502B7A257758310004F1D1 /* SDWebImage */,
			);
			productName = "WP Quizzes";
			productReference = 4C502B54257752E60004F1D1 /* WP Quizzes.app */;
			productType = "com.apple.product-type.application";
		};
/* End PBXNativeTarget section */

/* Begin PBXProject section */
		4C502B4C257752E60004F1D1 /* Project object */ = {
			isa = PBXProject;
			attributes = {
				LastSwiftUpdateCheck = 1220;
				LastUpgradeCheck = 1220;
				TargetAttributes = {
					4C502B53257752E60004F1D1 = {
						CreatedOnToolsVersion = 12.2;
					};
				};
			};
			buildConfigurationList = 4C502B4F257752E60004F1D1 /* Build configuration list for PBXProject "WP Quizzes" */;
			compatibilityVersion = "Xcode 9.3";
			developmentRegion = en;
			hasScannedForEncodings = 0;
			knownRegions = (
				en,
				Base,
			);
			mainGroup = 4C502B4B257752E60004F1D1;
			packageReferences = (
				4C502B79257758310004F1D1 /* XCRemoteSwiftPackageReference "SDWebImage" */,
			);
			productRefGroup = 4C502B55257752E60004F1D1 /* Products */;
			projectDirPath = "";
			projectRoot = "";
			targets = (
				4C502B53257752E60004F1D1 /* WP Quizzes */,
			);
		};
/* End PBXProject section */

/* Begin PBXResourcesBuildPhase section */
		4C502B52257752E60004F1D1 /* Resources */ = {
			isa = PBXResourcesBuildPhase;
			buildActionMask = 2147483647;
			files = (
				4C502B64257752EB0004F1D1 /* LaunchScreen.storyboard in Resources */,
				4C502B61257752EB0004F1D1 /* Assets.xcassets in Resources */,
				4C502B5F257752E60004F1D1 /* Main.storyboard in Resources */,
			);
			runOnlyForDeploymentPostprocessing = 0;
		};
/* End PBXResourcesBuildPhase section */

/* Begin PBXSourcesBuildPhase section */
		4C502B50257752E60004F1D1 /* Sources */ = {
			isa = PBXSourcesBuildPhase;
			buildActionMask = 2147483647;
			files = (
				4C502B77257756590004F1D1 /* TableViewCell.swift in Sources */,
				4C502B58257752E60004F1D1 /* AppDelegate.swift in Sources */,
				4C502B87257956A80004F1D1 /* QuestionViewController.swift in Sources */,
				4C502B8D257999AF0004F1D1 /* ResultViewController.swift in Sources */,
				4C502B70257755980004F1D1 /* DataResponse.swift in Sources */,
				4C502B5A257752E60004F1D1 /* SceneDelegate.swift in Sources */,
				4C502B74257755CB0004F1D1 /* TableViewController.swift in Sources */,
			);
			runOnlyForDeploymentPostprocessing = 0;
		};
/* End PBXSourcesBuildPhase section */

/* Begin PBXVariantGroup section */
		4C502B5D257752E60004F1D1 /* Main.storyboard */ = {
			isa = PBXVariantGroup;
			children = (
				4C502B5E257752E60004F1D1 /* Base */,
			);
			name = Main.storyboard;
			sourceTree = "<group>";
		};
		4C502B62257752EB0004F1D1 /* LaunchScreen.storyboard */ = {
			isa = PBXVariantGroup;
			children = (
				4C502B63257752EB0004F1D1 /* Base */,
			);
			name = LaunchScreen.storyboard;
			sourceTree = "<group>";
		};
/* End PBXVariantGroup section */

/* Begin XCBuildConfiguration section */
		4C502B66257752EB0004F1D1 /* Debug */ = {
			isa = XCBuildConfiguration;
			buildSettings = {
				ALWAYS_SEARCH_USER_PATHS = NO;
				CLANG_ANALYZER_NONNULL = YES;
				CLANG_ANALYZER_NUMBER_OBJECT_CONVERSION = YES_AGGRESSIVE;
				CLANG_CXX_LANGUAGE_STANDARD = "gnu++14";
				CLANG_CXX_LIBRARY = "libc++";
				CLANG_ENABLE_MODULES = YES;
				CLANG_ENABLE_OBJC_ARC = YES;
				CLANG_ENABLE_OBJC_WEAK = YES;
				CLANG_WARN_BLOCK_CAPTURE_AUTORELEASING = YES;
				CLANG_WARN_BOOL_CONVERSION = YES;
				CLANG_WARN_COMMA = YES;
				CLANG_WARN_CONSTANT_CONVERSION = YES;
				CLANG_WARN_DEPRECATED_OBJC_IMPLEMENTATIONS = YES;
				CLANG_WARN_DIRECT_OBJC_ISA_USAGE = YES_ERROR;
				CLANG_WARN_DOCUMENTATION_COMMENTS = YES;
				CLANG_WARN_EMPTY_BODY = YES;
				CLANG_WARN_ENUM_CONVERSION = YES;
				CLANG_WARN_INFINITE_RECURSION = YES;
				CLANG_WARN_INT_CONVERSION = YES;
				CLANG_WARN_NON_LITERAL_NULL_CONVERSION = YES;
				CLANG_WARN_OBJC_IMPLICIT_RETAIN_SELF = YES;
				CLANG_WARN_OBJC_LITERAL_CONVERSION = YES;
				CLANG_WARN_OBJC_ROOT_CLASS = YES_ERROR;
				CLANG_WARN_QUOTED_INCLUDE_IN_FRAMEWORK_HEADER = YES;
				CLANG_WARN_RANGE_LOOP_ANALYSIS = YES;
				CLANG_WARN_STRICT_PROTOTYPES = YES;
				CLANG_WARN_SUSPICIOUS_MOVE = YES;
				CLANG_WARN_UNGUARDED_AVAILABILITY = YES_AGGRESSIVE;
				CLANG_WARN_UNREACHABLE_CODE = YES;
				CLANG_WARN__DUPLICATE_METHOD_MATCH = YES;
				COPY_PHASE_STRIP = NO;
				DEBUG_INFORMATION_FORMAT = dwarf;
				ENABLE_STRICT_OBJC_MSGSEND = YES;
				ENABLE_TESTABILITY = YES;
				GCC_C_LANGUAGE_STANDARD = gnu11;
				GCC_DYNAMIC_NO_PIC = NO;
				GCC_NO_COMMON_BLOCKS = YES;
				GCC_OPTIMIZATION_LEVEL = 0;
				GCC_PREPROCESSOR_DEFINITIONS = (
					"DEBUG=1",
					"$(inherited)",
				);
				GCC_WARN_64_TO_32_BIT_CONVERSION = YES;
				GCC_WARN_ABOUT_RETURN_TYPE = YES_ERROR;
				GCC_WARN_UNDECLARED_SELECTOR = YES;
				GCC_WARN_UNINITIALIZED_AUTOS = YES_AGGRESSIVE;
				GCC_WARN_UNUSED_FUNCTION = YES;
				GCC_WARN_UNUSED_VARIABLE = YES;
				IPHONEOS_DEPLOYMENT_TARGET = 14.2;
				MTL_ENABLE_DEBUG_INFO = INCLUDE_SOURCE;
				MTL_FAST_MATH = YES;
				ONLY_ACTIVE_ARCH = YES;
				SDKROOT = iphoneos;
				SWIFT_ACTIVE_COMPILATION_CONDITIONS = DEBUG;
				SWIFT_OPTIMIZATION_LEVEL = "-Onone";
			};
			name = Debug;
		};
		4C502B67257752EB0004F1D1 /* Release */ = {
			isa = XCBuildConfiguration;
			buildSettings = {
				ALWAYS_SEARCH_USER_PATHS = NO;
				CLANG_ANALYZER_NONNULL = YES;
				CLANG_ANALYZER_NUMBER_OBJECT_CONVERSION = YES_AGGRESSIVE;
				CLANG_CXX_LANGUAGE_STANDARD = "gnu++14";
				CLANG_CXX_LIBRARY = "libc++";
				CLANG_ENABLE_MODULES = YES;
				CLANG_ENABLE_OBJC_ARC = YES;
				CLANG_ENABLE_OBJC_WEAK = YES;
				CLANG_WARN_BLOCK_CAPTURE_AUTORELEASING = YES;
				CLANG_WARN_BOOL_CONVERSION = YES;
				CLANG_WARN_COMMA = YES;
				CLANG_WARN_CONSTANT_CONVERSION = YES;
				CLANG_WARN_DEPRECATED_OBJC_IMPLEMENTATIONS = YES;
				CLANG_WARN_DIRECT_OBJC_ISA_USAGE = YES_ERROR;
				CLANG_WARN_DOCUMENTATION_COMMENTS = YES;
				CLANG_WARN_EMPTY_BODY = YES;
				CLANG_WARN_ENUM_CONVERSION = YES;
				CLANG_WARN_INFINITE_RECURSION = YES;
				CLANG_WARN_INT_CONVERSION = YES;
				CLANG_WARN_NON_LITERAL_NULL_CONVERSION = YES;
				CLANG_WARN_OBJC_IMPLICIT_RETAIN_SELF = YES;
				CLANG_WARN_OBJC_LITERAL_CONVERSION = YES;
				CLANG_WARN_OBJC_ROOT_CLASS = YES_ERROR;
				CLANG_WARN_QUOTED_INCLUDE_IN_FRAMEWORK_HEADER = YES;
				CLANG_WARN_RANGE_LOOP_ANALYSIS = YES;
				CLANG_WARN_STRICT_PROTOTYPES = YES;
				CLANG_WARN_SUSPICIOUS_MOVE = YES;
				CLANG_WARN_UNGUARDED_AVAILABILITY = YES_AGGRESSIVE;
				CLANG_WARN_UNREACHABLE_CODE = YES;
				CLANG_WARN__DUPLICATE_METHOD_MATCH = YES;
				COPY_PHASE_STRIP = NO;
				DEBUG_INFORMATION_FORMAT = "dwarf-with-dsym";
				ENABLE_NS_ASSERTIONS = NO;
				ENABLE_STRICT_OBJC_MSGSEND = YES;
				GCC_C_LANGUAGE_STANDARD = gnu11;
				GCC_NO_COMMON_BLOCKS = YES;
				GCC_WARN_64_TO_32_BIT_CONVERSION = YES;
				GCC_WARN_ABOUT_RETURN_TYPE = YES_ERROR;
				GCC_WARN_UNDECLARED_SELECTOR = YES;
				GCC_WARN_UNINITIALIZED_AUTOS = YES_AGGRESSIVE;
				GCC_WARN_UNUSED_FUNCTION = YES;
				GCC_WARN_UNUSED_VARIABLE = YES;
				IPHONEOS_DEPLOYMENT_TARGET = 14.2;
				MTL_ENABLE_DEBUG_INFO = NO;
				MTL_FAST_MATH = YES;
				SDKROOT = iphoneos;
				SWIFT_COMPILATION_MODE = wholemodule;
				SWIFT_OPTIMIZATION_LEVEL = "-O";
				VALIDATE_PRODUCT = YES;
			};
			name = Release;
		};
		4C502B69257752EB0004F1D1 /* Debug */ = {
			isa = XCBuildConfiguration;
			buildSettings = {
				ASSETCATALOG_COMPILER_APPICON_NAME = AppIcon;
				ASSETCATALOG_COMPILER_GLOBAL_ACCENT_COLOR_NAME = AccentColor;
				CODE_SIGN_STYLE = Automatic;
				DEVELOPMENT_TEAM = 2NCR2KH225;
				INFOPLIST_FILE = "WP Quizzes/Info.plist";
				LD_RUNPATH_SEARCH_PATHS = (
					"$(inherited)",
					"@executable_path/Frameworks",
				);
				PRODUCT_BUNDLE_IDENTIFIER = "com.viktorOlikhovskyi.WP-Quizzes";
				PRODUCT_NAME = "$(TARGET_NAME)";
				SWIFT_VERSION = 5.0;
				TARGETED_DEVICE_FAMILY = "1,2";
			};
			name = Debug;
		};
		4C502B6A257752EB0004F1D1 /* Release */ = {
			isa = XCBuildConfiguration;
			buildSettings = {
				ASSETCATALOG_COMPILER_APPICON_NAME = AppIcon;
				ASSETCATALOG_COMPILER_GLOBAL_ACCENT_COLOR_NAME = AccentColor;
				CODE_SIGN_STYLE = Automatic;
				DEVELOPMENT_TEAM = 2NCR2KH225;
				INFOPLIST_FILE = "WP Quizzes/Info.plist";
				LD_RUNPATH_SEARCH_PATHS = (
					"$(inherited)",
					"@executable_path/Frameworks",
				);
				PRODUCT_BUNDLE_IDENTIFIER = "com.viktorOlikhovskyi.WP-Quizzes";
				PRODUCT_NAME = "$(TARGET_NAME)";
				SWIFT_VERSION = 5.0;
				TARGETED_DEVICE_FAMILY = "1,2";
			};
			name = Release;
		};
/* End XCBuildConfiguration section */

/* Begin XCConfigurationList section */
		4C502B4F257752E60004F1D1 /* Build configuration list for PBXProject "WP Quizzes" */ = {
			isa = XCConfigurationList;
			buildConfigurations = (
				4C502B66257752EB0004F1D1 /* Debug */,
				4C502B67257752EB0004F1D1 /* Release */,
			);
			defaultConfigurationIsVisible = 0;
			defaultConfigurationName = Release;
		};
		4C502B68257752EB0004F1D1 /* Build configuration list for PBXNativeTarget "WP Quizzes" */ = {
			isa = XCConfigurationList;
			buildConfigurations = (
				4C502B69257752EB0004F1D1 /* Debug */,
				4C502B6A257752EB0004F1D1 /* Release */,
			);
			defaultConfigurationIsVisible = 0;
			defaultConfigurationName = Release;
		};
/* End XCConfigurationList section */

/* Begin XCRemoteSwiftPackageReference section */
		4C502B79257758310004F1D1 /* XCRemoteSwiftPackageReference "SDWebImage" */ = {
			isa = XCRemoteSwiftPackageReference;
			repositoryURL = "https://github.com/SDWebImage/SDWebImage.git";
			requirement = {
				branch = master;
				kind = branch;
			};
		};
/* End XCRemoteSwiftPackageReference section */

/* Begin XCSwiftPackageProductDependency section */
		4C502B7A257758310004F1D1 /* SDWebImage */ = {
			isa = XCSwiftPackageProductDependency;
			package = 4C502B79257758310004F1D1 /* XCRemoteSwiftPackageReference "SDWebImage" */;
			productName = SDWebImage;
		};
/* End XCSwiftPackageProductDependency section */
	};
	rootObject = 4C502B4C257752E60004F1D1 /* Project object */;
}
